
Microsoft Visual Studio Solution File, Format Version 12.00
# Visual Studio 15
VisualStudioVersion = 15.0.27004.2010
MinimumVisualStudioVersion = 10.0.40219.1
Project("{2150E333-8FDC-42A3-9474-1A3956D46DE8}") = "ClientLIbrary", "ClientLIbrary", "{C7123BAC-3BF0-4074-A51D-718E6CC78DF5}"
EndProject
Project("{2150E333-8FDC-42A3-9474-1A3956D46DE8}") = "Samples", "Samples", "{2D376589-DA29-45E5-8B40-09B3BCC612A5}"
EndProject
Project("{2150E333-8FDC-42A3-9474-1A3956D46DE8}") = "Solution Items", "Solution Items", "{B7EB2446-BE17-4E15-BE02-C6F25A932316}"
	ProjectSection(SolutionItems) = preProject
		LICENSE = LICENSE
		README.md = README.md
		VERSION = VERSION
	EndProjectSection
EndProject
Project("{9A19103F-16F7-4668-BE54-9A1E7A4F7556}") = "MiraclExternalAuthenticationApp.Core2.0", "MiraclExternalAuthenticationApp.Core2.0\MiraclExternalAuthenticationApp.Core2.0.csproj", "{58A2498A-18B8-412D-8483-42F9799A7F1C}"
EndProject
Project("{9A19103F-16F7-4668-BE54-9A1E7A4F7556}") = "MiraclAuthenticationApp.Core2.0", "MiraclAuthenticationApp.Core2.0\MiraclAuthenticationApp.Core2.0.csproj", "{4BDE4044-7A0F-4170-B10F-F056F81F12B7}"
EndProject
Project("{9A19103F-16F7-4668-BE54-9A1E7A4F7556}") = "MiraclAuthentication.Core2.0", "MiraclAuthentication.Core2.0\MiraclAuthentication.Core2.0.csproj", "{4C7A5C60-D510-49B3-9F8E-FAB70FD29507}"
EndProject
Project("{9A19103F-16F7-4668-BE54-9A1E7A4F7556}") = "MiraclAuthentication.Core2.0.Tests", "MiraclAuthentication.Core2.0.Tests\MiraclAuthentication.Core2.0.Tests.csproj", "{089E036C-B4D7-40C6-B948-F7B4239C2D53}"
EndProject
Project("{FAE04EC0-301F-11D3-BF4B-00C04F79EFBC}") = "MiraclIdentityVerificationApp.Core2.0", "MiraclIdentityVerificationApp.Core2.0\MiraclIdentityVerificationApp.Core2.0.csproj", "{FD069D20-574E-4610-BA1B-6BFAE1985C91}"
EndProject
Global
	GlobalSection(SolutionConfigurationPlatforms) = preSolution
		Debug|Any CPU = Debug|Any CPU
		Release|Any CPU = Release|Any CPU
	EndGlobalSection
	GlobalSection(ProjectConfigurationPlatforms) = postSolution
		{58A2498A-18B8-412D-8483-42F9799A7F1C}.Debug|Any CPU.ActiveCfg = Debug|Any CPU
		{58A2498A-18B8-412D-8483-42F9799A7F1C}.Debug|Any CPU.Build.0 = Debug|Any CPU
		{58A2498A-18B8-412D-8483-42F9799A7F1C}.Release|Any CPU.ActiveCfg = Release|Any CPU
		{58A2498A-18B8-412D-8483-42F9799A7F1C}.Release|Any CPU.Build.0 = Release|Any CPU
		{4BDE4044-7A0F-4170-B10F-F056F81F12B7}.Debug|Any CPU.ActiveCfg = Debug|Any CPU
		{4BDE4044-7A0F-4170-B10F-F056F81F12B7}.Debug|Any CPU.Build.0 = Debug|Any CPU
		{4BDE4044-7A0F-4170-B10F-F056F81F12B7}.Release|Any CPU.ActiveCfg = Release|Any CPU
		{4BDE4044-7A0F-4170-B10F-F056F81F12B7}.Release|Any CPU.Build.0 = Release|Any CPU
		{4C7A5C60-D510-49B3-9F8E-FAB70FD29507}.Debug|Any CPU.ActiveCfg = Debug|Any CPU
		{4C7A5C60-D510-49B3-9F8E-FAB70FD29507}.Debug|Any CPU.Build.0 = Debug|Any CPU
		{4C7A5C60-D510-49B3-9F8E-FAB70FD29507}.Release|Any CPU.ActiveCfg = Release|Any CPU
		{4C7A5C60-D510-49B3-9F8E-FAB70FD29507}.Release|Any CPU.Build.0 = Release|Any CPU
		{089E036C-B4D7-40C6-B948-F7B4239C2D53}.Debug|Any CPU.ActiveCfg = Debug|Any CPU
		{089E036C-B4D7-40C6-B948-F7B4239C2D53}.Debug|Any CPU.Build.0 = Debug|Any CPU
		{089E036C-B4D7-40C6-B948-F7B4239C2D53}.Release|Any CPU.ActiveCfg = Release|Any CPU
		{089E036C-B4D7-40C6-B948-F7B4239C2D53}.Release|Any CPU.Build.0 = Release|Any CPU
		{FD069D20-574E-4610-BA1B-6BFAE1985C91}.Debug|Any CPU.ActiveCfg = Debug|Any CPU
		{FD069D20-574E-4610-BA1B-6BFAE1985C91}.Debug|Any CPU.Build.0 = Debug|Any CPU
		{FD069D20-574E-4610-BA1B-6BFAE1985C91}.Release|Any CPU.ActiveCfg = Release|Any CPU
		{FD069D20-574E-4610-BA1B-6BFAE1985C91}.Release|Any CPU.Build.0 = Release|Any CPU
	EndGlobalSection
	GlobalSection(SolutionProperties) = preSolution
		HideSolutionNode = FALSE
	EndGlobalSection
	GlobalSection(NestedProjects) = preSolution
		{58A2498A-18B8-412D-8483-42F9799A7F1C} = {2D376589-DA29-45E5-8B40-09B3BCC612A5}
		{4BDE4044-7A0F-4170-B10F-F056F81F12B7} = {2D376589-DA29-45E5-8B40-09B3BCC612A5}
		{4C7A5C60-D510-49B3-9F8E-FAB70FD29507} = {C7123BAC-3BF0-4074-A51D-718E6CC78DF5}
		{089E036C-B4D7-40C6-B948-F7B4239C2D53} = {C7123BAC-3BF0-4074-A51D-718E6CC78DF5}
		{FD069D20-574E-4610-BA1B-6BFAE1985C91} = {2D376589-DA29-45E5-8B40-09B3BCC612A5}
	EndGlobalSection
	GlobalSection(ExtensibilityGlobals) = postSolution
		SolutionGuid = {64FE994A-BE81-4E3B-88A3-5F1C7F44A23B}
	EndGlobalSection
EndGlobal
